
Microsoft Visual Studio Solution File, Format Version 12.00
# Visual Studio Version 16
VisualStudioVersion = 16.0.31624.102
MinimumVisualStudioVersion = 10.0.40219.1
Project("{FAE04EC0-301F-11D3-BF4B-00C04F79EFBC}") = "task", "task\task.csproj", "{814D9AD2-76A4-4258-9B67-107CD1FE138A}"
EndProject
Global
	GlobalSection(SolutionConfigurationPlatforms) = preSolution
		Debug|Any CPU = Debug|Any CPU
		Release|Any CPU = Release|Any CPU
	EndGlobalSection
	GlobalSection(ProjectConfigurationPlatforms) = postSolution
		{814D9AD2-76A4-4258-9B67-107CD1FE138A}.Debug|Any CPU.ActiveCfg = Debug|Any CPU
		{814D9AD2-76A4-4258-9B67-107CD1FE138A}.Debug|Any CPU.Build.0 = Debug|Any CPU
		{814D9AD2-76A4-4258-9B67-107CD1FE138A}.Release|Any CPU.ActiveCfg = Release|Any CPU
		{814D9AD2-76A4-4258-9B67-107CD1FE138A}.Release|Any CPU.Build.0 = Release|Any CPU
	EndGlobalSection
	GlobalSection(SolutionProperties) = preSolution
		HideSolutionNode = FALSE
	EndGlobalSection
	GlobalSection(ExtensibilityGlobals) = postSolution
		SolutionGuid = {AD454805-E0E5-4E19-B45A-294BF73FD81E}
	EndGlobalSection
EndGlobal
